{
  "nodes": {
    "flakeNimbleLib": {
      "inputs": {
        "nixpkgs": [
          "nixpkgs"
        ]
      },
      "locked": {
        "lastModified": 1662018438,
        "narHash": "sha256-QtNtU6+LX3Wokxf0zlFwKTFOcn6TeDjKQZ+DA9OYtvM=",
        "owner": "riinr",
        "repo": "nim-flakes-lib",
        "rev": "b1fe8340736e3a85d25c709ac3dfd82a55c03cbf",
        "type": "github"
      },
      "original": {
        "owner": "riinr",
        "ref": "master",
        "repo": "nim-flakes-lib",
        "type": "github"
      }
    },
    "nixpkgs": {
      "locked": {
        "lastModified": 1667199707,
        "narHash": "sha256-I2Js3Y7gUyVSEXPULHlBoRek4Lh85vnevdS6mdvDNLI=",
        "owner": "NixOS",
        "repo": "nixpkgs",
        "rev": "ced197be72099edcfa68ebed8b87af7b04851f45",
        "type": "github"
      },
      "original": {
        "id": "nixpkgs",
        "type": "indirect"
      }
    },
    "root": {
      "inputs": {
        "flakeNimbleLib": "flakeNimbleLib",
        "nixpkgs": "nixpkgs",
        "timsort2-master": "timsort2-master"
      }
    },
    "src-timsort2-master": {
      "flake": false,
      "locked": {
        "lastModified": 1662930096,
        "narHash": "sha256-s5pLSbXYOVfhSTOe3aRUf/vtB+Ptz3bVGc0/UE/1VZc=",
        "owner": "xrfez",
        "repo": "timsort",
        "rev": "0d3bd10951e6a7daa1f2b9655aead53d1e217bb5",
        "type": "github"
      },
      "original": {
        "owner": "xrfez",
        "ref": "refs/heads/master",
        "repo": "timsort",
        "type": "github"
      }
    },
    "timsort2-master": {
      "inputs": {
        "flakeNimbleLib": [
          "flakeNimbleLib"
        ],
        "nixpkgs": [
          "nixpkgs"
        ],
        "src-timsort2-master": "src-timsort2-master"
      },
      "locked": {
        "dir": "master",
        "lastModified": 1667322743,
        "narHash": "sha256-00YcCT19NesDKSASCWjJwIddhtJxqWGYZf535HIKKTg=",
        "owner": "nim-nix-pkgs",
        "repo": "timsort2",
        "rev": "7a917ed60e097f1800e309795f53605f5131c7b5",
        "type": "github"
      },
      "original": {
        "dir": "master",
        "owner": "nim-nix-pkgs",
        "ref": "master",
        "repo": "timsort2",
        "type": "github"
      }
    }
  },
  "root": "root",
  "version": 7
}
